
Microsoft Visual Studio Solution File, Format Version 12.00
# Visual Studio 15
VisualStudioVersion = 15.0.27004.2005
MinimumVisualStudioVersion = 10.0.40219.1
Project("{FAE04EC0-301F-11D3-BF4B-00C04F79EFBC}") = "Juego", "Juego\Juego.csproj", "{930CFF0C-7509-4E43-AE68-BB947861958B}"
EndProject
Global
	GlobalSection(SolutionConfigurationPlatforms) = preSolution
		Debug|Any CPU = Debug|Any CPU
		Release|Any CPU = Release|Any CPU
	EndGlobalSection
	GlobalSection(ProjectConfigurationPlatforms) = postSolution
		{930CFF0C-7509-4E43-AE68-BB947861958B}.Debug|Any CPU.ActiveCfg = Debug|Any CPU
		{930CFF0C-7509-4E43-AE68-BB947861958B}.Debug|Any CPU.Build.0 = Debug|Any CPU
		{930CFF0C-7509-4E43-AE68-BB947861958B}.Release|Any CPU.ActiveCfg = Release|Any CPU
		{930CFF0C-7509-4E43-AE68-BB947861958B}.Release|Any CPU.Build.0 = Release|Any CPU
	EndGlobalSection
	GlobalSection(SolutionProperties) = preSolution
		HideSolutionNode = FALSE
	EndGlobalSection
	GlobalSection(ExtensibilityGlobals) = postSolution
		SolutionGuid = {8F7BF24B-440A-42C1-B565-84AB67405BAF}
	EndGlobalSection
EndGlobal
